
Microsoft Visual Studio Solution File, Format Version 12.00
# Visual Studio Version 16
VisualStudioVersion = 16.0.31410.357
MinimumVisualStudioVersion = 10.0.40219.1
Project("{FAE04EC0-301F-11D3-BF4B-00C04F79EFBC}") = "ModeConnecte202", "ModeConnecte202\ModeConnecte202.csproj", "{1CD79771-B597-4B19-823B-A539BECD6404}"
EndProject
Global
	GlobalSection(SolutionConfigurationPlatforms) = preSolution
		Debug|Any CPU = Debug|Any CPU
		Release|Any CPU = Release|Any CPU
	EndGlobalSection
	GlobalSection(ProjectConfigurationPlatforms) = postSolution
		{1CD79771-B597-4B19-823B-A539BECD6404}.Debug|Any CPU.ActiveCfg = Debug|Any CPU
		{1CD79771-B597-4B19-823B-A539BECD6404}.Debug|Any CPU.Build.0 = Debug|Any CPU
		{1CD79771-B597-4B19-823B-A539BECD6404}.Release|Any CPU.ActiveCfg = Release|Any CPU
		{1CD79771-B597-4B19-823B-A539BECD6404}.Release|Any CPU.Build.0 = Release|Any CPU
	EndGlobalSection
	GlobalSection(SolutionProperties) = preSolution
		HideSolutionNode = FALSE
	EndGlobalSection
	GlobalSection(ExtensibilityGlobals) = postSolution
		SolutionGuid = {377B25CC-C634-4375-9C3F-AEA1D76F7705}
	EndGlobalSection
EndGlobal
